
Microsoft Visual Studio Solution File, Format Version 12.00
# Visual Studio 15
VisualStudioVersion = 15.0.27703.2047
MinimumVisualStudioVersion = 10.0.40219.1
Project("{FAE04EC0-301F-11D3-BF4B-00C04F79EFBC}") = "ErwinGallo.SocialHUB.Web", "ErwinGallo.SocialHUB.Web\ErwinGallo.SocialHUB.Web.csproj", "{901827AE-9ECE-4874-AB40-A51742802CB4}"
EndProject
Global
	GlobalSection(SolutionConfigurationPlatforms) = preSolution
		Debug|Any CPU = Debug|Any CPU
		Release|Any CPU = Release|Any CPU
	EndGlobalSection
	GlobalSection(ProjectConfigurationPlatforms) = postSolution
		{901827AE-9ECE-4874-AB40-A51742802CB4}.Debug|Any CPU.ActiveCfg = Debug|Any CPU
		{901827AE-9ECE-4874-AB40-A51742802CB4}.Debug|Any CPU.Build.0 = Debug|Any CPU
		{901827AE-9ECE-4874-AB40-A51742802CB4}.Release|Any CPU.ActiveCfg = Release|Any CPU
		{901827AE-9ECE-4874-AB40-A51742802CB4}.Release|Any CPU.Build.0 = Release|Any CPU
	EndGlobalSection
	GlobalSection(SolutionProperties) = preSolution
		HideSolutionNode = FALSE
	EndGlobalSection
	GlobalSection(ExtensibilityGlobals) = postSolution
		SolutionGuid = {9DB97C69-2592-477C-A5F1-83AF88420B1A}
	EndGlobalSection
EndGlobal
